
Microsoft Visual Studio Solution File, Format Version 12.00
Project("{F2A71F9B-5D33-465A-A702-920D77279786}") = "PygmalionReimplementation", "src/PygmalionReimplementation.fsproj", "{A0EEF7A1-A379-4937-A36A-7C38271D016C}"
EndProject
Global
	GlobalSection(SolutionConfigurationPlatforms) = preSolution
		Debug|Any CPU = Debug|Any CPU
		Release|Any CPU = Release|Any CPU
	EndGlobalSection
	GlobalSection(ProjectConfigurationPlatforms) = postSolution
		{A0EEF7A1-A379-4937-A36A-7C38271D016C}.Debug|Any CPU.ActiveCfg = Debug|Any CPU
		{A0EEF7A1-A379-4937-A36A-7C38271D016C}.Debug|Any CPU.Build.0 = Debug|Any CPU
		{A0EEF7A1-A379-4937-A36A-7C38271D016C}.Release|Any CPU.ActiveCfg = Release|Any CPU
		{A0EEF7A1-A379-4937-A36A-7C38271D016C}.Release|Any CPU.Build.0 = Release|Any CPU
	EndGlobalSection
EndGlobal
